// !$*UTF8*$!
{
	archiveVersion = 1;
	classes = {
	};
	objectVersion = 56;
	objects = {

/* Begin PBXBuildFile section */
		9120E6172A1CB05A009CD544 /* AppDelegate.swift in Sources */ = {isa = PBXBuildFile; fileRef = 9120E6162A1CB05A009CD544 /* AppDelegate.swift */; };
		9120E6192A1CB05A009CD544 /* SceneDelegate.swift in Sources */ = {isa = PBXBuildFile; fileRef = 9120E6182A1CB05A009CD544 /* SceneDelegate.swift */; };
		9120E61B2A1CB05A009CD544 /* ViewController.swift in Sources */ = {isa = PBXBuildFile; fileRef = 9120E61A2A1CB05A009CD544 /* ViewController.swift */; };
		9120E61E2A1CB05A009CD544 /* Main.storyboard in Resources */ = {isa = PBXBuildFile; fileRef = 9120E61C2A1CB05A009CD544 /* Main.storyboard */; };
		9120E6202A1CB05E009CD544 /* Assets.xcassets in Resources */ = {isa = PBXBuildFile; fileRef = 9120E61F2A1CB05E009CD544 /* Assets.xcassets */; };
		9120E6232A1CB05E009CD544 /* LaunchScreen.storyboard in Resources */ = {isa = PBXBuildFile; fileRef = 9120E6212A1CB05E009CD544 /* LaunchScreen.storyboard */; };
		9120E62E2A1CB05F009CD544 /* CodeCoverageDemoTests.swift in Sources */ = {isa = PBXBuildFile; fileRef = 9120E62D2A1CB05F009CD544 /* CodeCoverageDemoTests.swift */; };
/* End PBXBuildFile section */

/* Begin PBXContainerItemProxy section */
		9120E62A2A1CB05F009CD544 /* PBXContainerItemProxy */ = {
			isa = PBXContainerItemProxy;
			containerPortal = 9120E60B2A1CB05A009CD544 /* Project object */;
			proxyType = 1;
			remoteGlobalIDString = 9120E6122A1CB05A009CD544;
			remoteInfo = CodeCoverageDemo;
		};
/* End PBXContainerItemProxy section */

/* Begin PBXFileReference section */
		9120E6132A1CB05A009CD544 /* CodeCoverageDemo.app */ = {isa = PBXFileReference; explicitFileType = wrapper.application; includeInIndex = 0; path = CodeCoverageDemo.app; sourceTree = BUILT_PRODUCTS_DIR; };
		9120E6162A1CB05A009CD544 /* AppDelegate.swift */ = {isa = PBXFileReference; lastKnownFileType = sourcecode.swift; path = AppDelegate.swift; sourceTree = "<group>"; };
		9120E6182A1CB05A009CD544 /* SceneDelegate.swift */ = {isa = PBXFileReference; lastKnownFileType = sourcecode.swift; path = SceneDelegate.swift; sourceTree = "<group>"; };
		9120E61A2A1CB05A009CD544 /* ViewController.swift */ = {isa = PBXFileReference; lastKnownFileType = sourcecode.swift; path = ViewController.swift; sourceTree = "<group>"; };
		9120E61D2A1CB05A009CD544 /* Base */ = {isa = PBXFileReference; lastKnownFileType = file.storyboard; name = Base; path = Base.lproj/Main.storyboard; sourceTree = "<group>"; };
		9120E61F2A1CB05E009CD544 /* Assets.xcassets */ = {isa = PBXFileReference; lastKnownFileType = folder.assetcatalog; path = Assets.xcassets; sourceTree = "<group>"; };
		9120E6222A1CB05E009CD544 /* Base */ = {isa = PBXFileReference; lastKnownFileType = file.storyboard; name = Base; path = Base.lproj/LaunchScreen.storyboard; sourceTree = "<group>"; };
		9120E6242A1CB05E009CD544 /* Info.plist */ = {isa = PBXFileReference; lastKnownFileType = text.plist.xml; path = Info.plist; sourceTree = "<group>"; };
		9120E6292A1CB05F009CD544 /* CodeCoverageDemoTests.xctest */ = {isa = PBXFileReference; explicitFileType = wrapper.cfbundle; includeInIndex = 0; path = CodeCoverageDemoTests.xctest; sourceTree = BUILT_PRODUCTS_DIR; };
		9120E62D2A1CB05F009CD544 /* CodeCoverageDemoTests.swift */ = {isa = PBXFileReference; lastKnownFileType = sourcecode.swift; path = CodeCoverageDemoTests.swift; sourceTree = "<group>"; };
/* End PBXFileReference section */

/* Begin PBXFrameworksBuildPhase section */
		9120E6102A1CB05A009CD544 /* Frameworks */ = {
			isa = PBXFrameworksBuildPhase;
			buildActionMask = 2147483647;
			files = (
			);
			runOnlyForDeploymentPostprocessing = 0;
		};
		9120E6262A1CB05F009CD544 /* Frameworks */ = {
			isa = PBXFrameworksBuildPhase;
			buildActionMask = 2147483647;
			files = (
			);
			runOnlyForDeploymentPostprocessing = 0;
		};
/* End PBXFrameworksBuildPhase section */

/* Begin PBXGroup section */
		9120E60A2A1CB05A009CD544 = {
			isa = PBXGroup;
			children = (
				9120E6152A1CB05A009CD544 /* CodeCoverageDemo */,
				9120E62C2A1CB05F009CD544 /* CodeCoverageDemoTests */,
				9120E6142A1CB05A009CD544 /* Products */,
			);
			sourceTree = "<group>";
		};
		9120E6142A1CB05A009CD544 /* Products */ = {
			isa = PBXGroup;
			children = (
				9120E6132A1CB05A009CD544 /* CodeCoverageDemo.app */,
				9120E6292A1CB05F009CD544 /* CodeCoverageDemoTests.xctest */,
			);
			name = Products;
			sourceTree = "<group>";
		};
		9120E6152A1CB05A009CD544 /* CodeCoverageDemo */ = {
			isa = PBXGroup;
			children = (
				9120E6162A1CB05A009CD544 /* AppDelegate.swift */,
				9120E6182A1CB05A009CD544 /* SceneDelegate.swift */,
				9120E61A2A1CB05A009CD544 /* ViewController.swift */,
				9120E61C2A1CB05A009CD544 /* Main.storyboard */,
				9120E61F2A1CB05E009CD544 /* Assets.xcassets */,
				9120E6212A1CB05E009CD544 /* LaunchScreen.storyboard */,
				9120E6242A1CB05E009CD544 /* Info.plist */,
			);
			path = CodeCoverageDemo;
			sourceTree = "<group>";
		};
		9120E62C2A1CB05F009CD544 /* CodeCoverageDemoTests */ = {
			isa = PBXGroup;
			children = (
				9120E62D2A1CB05F009CD544 /* CodeCoverageDemoTests.swift */,
			);
			path = CodeCoverageDemoTests;
			sourceTree = "<group>";
		};
/* End PBXGroup section */

/* Begin PBXNativeTarget section */
		9120E6122A1CB05A009CD544 /* CodeCoverageDemo */ = {
			isa = PBXNativeTarget;
			buildConfigurationList = 9120E63D2A1CB05F009CD544 /* Build configuration list for PBXNativeTarget "CodeCoverageDemo" */;
			buildPhases = (
				9120E60F2A1CB05A009CD544 /* Sources */,
				9120E6102A1CB05A009CD544 /* Frameworks */,
				9120E6112A1CB05A009CD544 /* Resources */,
			);
			buildRules = (
			);
			dependencies = (
			);
			name = CodeCoverageDemo;
			productName = CodeCoverageDemo;
			productReference = 9120E6132A1CB05A009CD544 /* CodeCoverageDemo.app */;
			productType = "com.apple.product-type.application";
		};
		9120E6282A1CB05F009CD544 /* CodeCoverageDemoTests */ = {
			isa = PBXNativeTarget;
			buildConfigurationList = 9120E6402A1CB05F009CD544 /* Build configuration list for PBXNativeTarget "CodeCoverageDemoTests" */;
			buildPhases = (
				9120E6252A1CB05F009CD544 /* Sources */,
				9120E6262A1CB05F009CD544 /* Frameworks */,
				9120E6272A1CB05F009CD544 /* Resources */,
			);
			buildRules = (
			);
			dependencies = (
				9120E62B2A1CB05F009CD544 /* PBXTargetDependency */,
			);
			name = CodeCoverageDemoTests;
			productName = CodeCoverageDemoTests;
			productReference = 9120E6292A1CB05F009CD544 /* CodeCoverageDemoTests.xctest */;
			productType = "com.apple.product-type.bundle.unit-test";
		};
/* End PBXNativeTarget section */

/* Begin PBXProject section */
		9120E60B2A1CB05A009CD544 /* Project object */ = {
			isa = PBXProject;
			attributes = {
				BuildIndependentTargetsInParallel = 1;
				LastSwiftUpdateCheck = 1420;
				LastUpgradeCheck = 1420;
				TargetAttributes = {
					9120E6122A1CB05A009CD544 = {
						CreatedOnToolsVersion = 14.2;
					};
					9120E6282A1CB05F009CD544 = {
						CreatedOnToolsVersion = 14.2;
						TestTargetID = 9120E6122A1CB05A009CD544;
					};
				};
			};
			buildConfigurationList = 9120E60E2A1CB05A009CD544 /* Build configuration list for PBXProject "CodeCoverageDemo" */;
			compatibilityVersion = "Xcode 14.0";
			developmentRegion = en;
			hasScannedForEncodings = 0;
			knownRegions = (
				en,
				Base,
			);
			mainGroup = 9120E60A2A1CB05A009CD544;
			productRefGroup = 9120E6142A1CB05A009CD544 /* Products */;
			projectDirPath = "";
			projectRoot = "";
			targets = (
				9120E6122A1CB05A009CD544 /* CodeCoverageDemo */,
				9120E6282A1CB05F009CD544 /* CodeCoverageDemoTests */,
			);
		};
/* End PBXProject section */

/* Begin PBXResourcesBuildPhase section */
		9120E6112A1CB05A009CD544 /* Resources */ = {
			isa = PBXResourcesBuildPhase;
			buildActionMask = 2147483647;
			files = (
				9120E6232A1CB05E009CD544 /* LaunchScreen.storyboard in Resources */,
				9120E6202A1CB05E009CD544 /* Assets.xcassets in Resources */,
				9120E61E2A1CB05A009CD544 /* Main.storyboard in Resources */,
			);
			runOnlyForDeploymentPostprocessing = 0;
		};
		9120E6272A1CB05F009CD544 /* Resources */ = {
			isa = PBXResourcesBuildPhase;
			buildActionMask = 2147483647;
			files = (
			);
			runOnlyForDeploymentPostprocessing = 0;
		};
/* End PBXResourcesBuildPhase section */

/* Begin PBXSourcesBuildPhase section */
		9120E60F2A1CB05A009CD544 /* Sources */ = {
			isa = PBXSourcesBuildPhase;
			buildActionMask = 2147483647;
			files = (
				9120E61B2A1CB05A009CD544 /* ViewController.swift in Sources */,
				9120E6172A1CB05A009CD544 /* AppDelegate.swift in Sources */,
				9120E6192A1CB05A009CD544 /* SceneDelegate.swift in Sources */,
			);
			runOnlyForDeploymentPostprocessing = 0;
		};
		9120E6252A1CB05F009CD544 /* Sources */ = {
			isa = PBXSourcesBuildPhase;
			buildActionMask = 2147483647;
			files = (
				9120E62E2A1CB05F009CD544 /* CodeCoverageDemoTests.swift in Sources */,
			);
			runOnlyForDeploymentPostprocessing = 0;
		};
/* End PBXSourcesBuildPhase section */

/* Begin PBXTargetDependency section */
		9120E62B2A1CB05F009CD544 /* PBXTargetDependency */ = {
			isa = PBXTargetDependency;
			target = 9120E6122A1CB05A009CD544 /* CodeCoverageDemo */;
			targetProxy = 9120E62A2A1CB05F009CD544 /* PBXContainerItemProxy */;
		};
/* End PBXTargetDependency section */

/* Begin PBXVariantGroup section */
		9120E61C2A1CB05A009CD544 /* Main.storyboard */ = {
			isa = PBXVariantGroup;
			children = (
				9120E61D2A1CB05A009CD544 /* Base */,
			);
			name = Main.storyboard;
			sourceTree = "<group>";
		};
		9120E6212A1CB05E009CD544 /* LaunchScreen.storyboard */ = {
			isa = PBXVariantGroup;
			children = (
				9120E6222A1CB05E009CD544 /* Base */,
			);
			name = LaunchScreen.storyboard;
			sourceTree = "<group>";
		};
/* End PBXVariantGroup section */

/* Begin XCBuildConfiguration section */
		9120E63B2A1CB05F009CD544 /* Debug */ = {
			isa = XCBuildConfiguration;
			buildSettings = {
				ALWAYS_SEARCH_USER_PATHS = NO;
				CLANG_ANALYZER_NONNULL = YES;
				CLANG_ANALYZER_NUMBER_OBJECT_CONVERSION = YES_AGGRESSIVE;
				CLANG_CXX_LANGUAGE_STANDARD = "gnu++20";
				CLANG_ENABLE_MODULES = YES;
				CLANG_ENABLE_OBJC_ARC = YES;
				CLANG_ENABLE_OBJC_WEAK = YES;
				CLANG_WARN_BLOCK_CAPTURE_AUTORELEASING = YES;
				CLANG_WARN_BOOL_CONVERSION = YES;
				CLANG_WARN_COMMA = YES;
				CLANG_WARN_CONSTANT_CONVERSION = YES;
				CLANG_WARN_DEPRECATED_OBJC_IMPLEMENTATIONS = YES;
				CLANG_WARN_DIRECT_OBJC_ISA_USAGE = YES_ERROR;
				CLANG_WARN_DOCUMENTATION_COMMENTS = YES;
				CLANG_WARN_EMPTY_BODY = YES;
				CLANG_WARN_ENUM_CONVERSION = YES;
				CLANG_WARN_INFINITE_RECURSION = YES;
				CLANG_WARN_INT_CONVERSION = YES;
				CLANG_WARN_NON_LITERAL_NULL_CONVERSION = YES;
				CLANG_WARN_OBJC_IMPLICIT_RETAIN_SELF = YES;
				CLANG_WARN_OBJC_LITERAL_CONVERSION = YES;
				CLANG_WARN_OBJC_ROOT_CLASS = YES_ERROR;
				CLANG_WARN_QUOTED_INCLUDE_IN_FRAMEWORK_HEADER = YES;
				CLANG_WARN_RANGE_LOOP_ANALYSIS = YES;
				CLANG_WARN_STRICT_PROTOTYPES = YES;
				CLANG_WARN_SUSPICIOUS_MOVE = YES;
				CLANG_WARN_UNGUARDED_AVAILABILITY = YES_AGGRESSIVE;
				CLANG_WARN_UNREACHABLE_CODE = YES;
				CLANG_WARN__DUPLICATE_METHOD_MATCH = YES;
				COPY_PHASE_STRIP = NO;
				DEBUG_INFORMATION_FORMAT = dwarf;
				ENABLE_STRICT_OBJC_MSGSEND = YES;
				ENABLE_TESTABILITY = YES;
				GCC_C_LANGUAGE_STANDARD = gnu11;
				GCC_DYNAMIC_NO_PIC = NO;
				GCC_NO_COMMON_BLOCKS = YES;
				GCC_OPTIMIZATION_LEVEL = 0;
				GCC_PREPROCESSOR_DEFINITIONS = (
					"DEBUG=1",
					"$(inherited)",
				);
				GCC_WARN_64_TO_32_BIT_CONVERSION = YES;
				GCC_WARN_ABOUT_RETURN_TYPE = YES_ERROR;
				GCC_WARN_UNDECLARED_SELECTOR = YES;
				GCC_WARN_UNINITIALIZED_AUTOS = YES_AGGRESSIVE;
				GCC_WARN_UNUSED_FUNCTION = YES;
				GCC_WARN_UNUSED_VARIABLE = YES;
				IPHONEOS_DEPLOYMENT_TARGET = 16.2;
				MTL_ENABLE_DEBUG_INFO = INCLUDE_SOURCE;
				MTL_FAST_MATH = YES;
				ONLY_ACTIVE_ARCH = YES;
				SDKROOT = iphoneos;
				SWIFT_ACTIVE_COMPILATION_CONDITIONS = DEBUG;
				SWIFT_OPTIMIZATION_LEVEL = "-Onone";
			};
			name = Debug;
		};
		9120E63C2A1CB05F009CD544 /* Release */ = {
			isa = XCBuildConfiguration;
			buildSettings = {
				ALWAYS_SEARCH_USER_PATHS = NO;
				CLANG_ANALYZER_NONNULL = YES;
				CLANG_ANALYZER_NUMBER_OBJECT_CONVERSION = YES_AGGRESSIVE;
				CLANG_CXX_LANGUAGE_STANDARD = "gnu++20";
				CLANG_ENABLE_MODULES = YES;
				CLANG_ENABLE_OBJC_ARC = YES;
				CLANG_ENABLE_OBJC_WEAK = YES;
				CLANG_WARN_BLOCK_CAPTURE_AUTORELEASING = YES;
				CLANG_WARN_BOOL_CONVERSION = YES;
				CLANG_WARN_COMMA = YES;
				CLANG_WARN_CONSTANT_CONVERSION = YES;
				CLANG_WARN_DEPRECATED_OBJC_IMPLEMENTATIONS = YES;
				CLANG_WARN_DIRECT_OBJC_ISA_USAGE = YES_ERROR;
				CLANG_WARN_DOCUMENTATION_COMMENTS = YES;
				CLANG_WARN_EMPTY_BODY = YES;
				CLANG_WARN_ENUM_CONVERSION = YES;
				CLANG_WARN_INFINITE_RECURSION = YES;
				CLANG_WARN_INT_CONVERSION = YES;
				CLANG_WARN_NON_LITERAL_NULL_CONVERSION = YES;
				CLANG_WARN_OBJC_IMPLICIT_RETAIN_SELF = YES;
				CLANG_WARN_OBJC_LITERAL_CONVERSION = YES;
				CLANG_WARN_OBJC_ROOT_CLASS = YES_ERROR;
				CLANG_WARN_QUOTED_INCLUDE_IN_FRAMEWORK_HEADER = YES;
				CLANG_WARN_RANGE_LOOP_ANALYSIS = YES;
				CLANG_WARN_STRICT_PROTOTYPES = YES;
				CLANG_WARN_SUSPICIOUS_MOVE = YES;
				CLANG_WARN_UNGUARDED_AVAILABILITY = YES_AGGRESSIVE;
				CLANG_WARN_UNREACHABLE_CODE = YES;
				CLANG_WARN__DUPLICATE_METHOD_MATCH = YES;
				COPY_PHASE_STRIP = NO;
				DEBUG_INFORMATION_FORMAT = "dwarf-with-dsym";
				ENABLE_NS_ASSERTIONS = NO;
				ENABLE_STRICT_OBJC_MSGSEND = YES;
				GCC_C_LANGUAGE_STANDARD = gnu11;
				GCC_NO_COMMON_BLOCKS = YES;
				GCC_WARN_64_TO_32_BIT_CONVERSION = YES;
				GCC_WARN_ABOUT_RETURN_TYPE = YES_ERROR;
				GCC_WARN_UNDECLARED_SELECTOR = YES;
				GCC_WARN_UNINITIALIZED_AUTOS = YES_AGGRESSIVE;
				GCC_WARN_UNUSED_FUNCTION = YES;
				GCC_WARN_UNUSED_VARIABLE = YES;
				IPHONEOS_DEPLOYMENT_TARGET = 16.2;
				MTL_ENABLE_DEBUG_INFO = NO;
				MTL_FAST_MATH = YES;
				SDKROOT = iphoneos;
				SWIFT_COMPILATION_MODE = wholemodule;
				SWIFT_OPTIMIZATION_LEVEL = "-O";
				VALIDATE_PRODUCT = YES;
			};
			name = Release;
		};
		9120E63E2A1CB05F009CD544 /* Debug */ = {
			isa = XCBuildConfiguration;
			buildSettings = {
				ASSETCATALOG_COMPILER_APPICON_NAME = AppIcon;
				ASSETCATALOG_COMPILER_GLOBAL_ACCENT_COLOR_NAME = AccentColor;
				CODE_SIGN_STYLE = Automatic;
				CURRENT_PROJECT_VERSION = 1;
				GENERATE_INFOPLIST_FILE = YES;
				INFOPLIST_FILE = CodeCoverageDemo/Info.plist;
				INFOPLIST_KEY_UIApplicationSupportsIndirectInputEvents = YES;
				INFOPLIST_KEY_UILaunchStoryboardName = LaunchScreen;
				INFOPLIST_KEY_UIMainStoryboardFile = Main;
				INFOPLIST_KEY_UISupportedInterfaceOrientations_iPad = "UIInterfaceOrientationPortrait UIInterfaceOrientationPortraitUpsideDown UIInterfaceOrientationLandscapeLeft UIInterfaceOrientationLandscapeRight";
				INFOPLIST_KEY_UISupportedInterfaceOrientations_iPhone = "UIInterfaceOrientationPortrait UIInterfaceOrientationLandscapeLeft UIInterfaceOrientationLandscapeRight";
				LD_RUNPATH_SEARCH_PATHS = (
					"$(inherited)",
					"@executable_path/Frameworks",
				);
				MARKETING_VERSION = 1.0;
				PRODUCT_BUNDLE_IDENTIFIER = com.domain.CodeCoverageDemo;
				PRODUCT_NAME = "$(TARGET_NAME)";
				SWIFT_EMIT_LOC_STRINGS = YES;
				SWIFT_VERSION = 5.0;
				TARGETED_DEVICE_FAMILY = "1,2";
			};
			name = Debug;
		};
		9120E63F2A1CB05F009CD544 /* Release */ = {
			isa = XCBuildConfiguration;
			buildSettings = {
				ASSETCATALOG_COMPILER_APPICON_NAME = AppIcon;
				ASSETCATALOG_COMPILER_GLOBAL_ACCENT_COLOR_NAME = AccentColor;
				CODE_SIGN_STYLE = Automatic;
				CURRENT_PROJECT_VERSION = 1;
				GENERATE_INFOPLIST_FILE = YES;
				INFOPLIST_FILE = CodeCoverageDemo/Info.plist;
				INFOPLIST_KEY_UIApplicationSupportsIndirectInputEvents = YES;
				INFOPLIST_KEY_UILaunchStoryboardName = LaunchScreen;
				INFOPLIST_KEY_UIMainStoryboardFile = Main;
				INFOPLIST_KEY_UISupportedInterfaceOrientations_iPad = "UIInterfaceOrientationPortrait UIInterfaceOrientationPortraitUpsideDown UIInterfaceOrientationLandscapeLeft UIInterfaceOrientationLandscapeRight";
				INFOPLIST_KEY_UISupportedInterfaceOrientations_iPhone = "UIInterfaceOrientationPortrait UIInterfaceOrientationLandscapeLeft UIInterfaceOrientationLandscapeRight";
				LD_RUNPATH_SEARCH_PATHS = (
					"$(inherited)",
					"@executable_path/Frameworks",
				);
				MARKETING_VERSION = 1.0;
				PRODUCT_BUNDLE_IDENTIFIER = com.domain.CodeCoverageDemo;
				PRODUCT_NAME = "$(TARGET_NAME)";
				SWIFT_EMIT_LOC_STRINGS = YES;
				SWIFT_VERSION = 5.0;
				TARGETED_DEVICE_FAMILY = "1,2";
			};
			name = Release;
		};
		9120E6412A1CB05F009CD544 /* Debug */ = {
			isa = XCBuildConfiguration;
			buildSettings = {
				ALWAYS_EMBED_SWIFT_STANDARD_LIBRARIES = YES;
				BUNDLE_LOADER = "$(TEST_HOST)";
				CODE_SIGN_STYLE = Automatic;
				CURRENT_PROJECT_VERSION = 1;
				GENERATE_INFOPLIST_FILE = YES;
				IPHONEOS_DEPLOYMENT_TARGET = 16.2;
				MARKETING_VERSION = 1.0;
				PRODUCT_BUNDLE_IDENTIFIER = com.domain.CodeCoverageDemoTests;
				PRODUCT_NAME = "$(TARGET_NAME)";
				SWIFT_EMIT_LOC_STRINGS = NO;
				SWIFT_VERSION = 5.0;
				TARGETED_DEVICE_FAMILY = "1,2";
				TEST_HOST = "$(BUILT_PRODUCTS_DIR)/CodeCoverageDemo.app/$(BUNDLE_EXECUTABLE_FOLDER_PATH)/CodeCoverageDemo";
			};
			name = Debug;
		};
		9120E6422A1CB05F009CD544 /* Release */ = {
			isa = XCBuildConfiguration;
			buildSettings = {
				ALWAYS_EMBED_SWIFT_STANDARD_LIBRARIES = YES;
				BUNDLE_LOADER = "$(TEST_HOST)";
				CODE_SIGN_STYLE = Automatic;
				CURRENT_PROJECT_VERSION = 1;
				GENERATE_INFOPLIST_FILE = YES;
				IPHONEOS_DEPLOYMENT_TARGET = 16.2;
				MARKETING_VERSION = 1.0;
				PRODUCT_BUNDLE_IDENTIFIER = com.domain.CodeCoverageDemoTests;
				PRODUCT_NAME = "$(TARGET_NAME)";
				SWIFT_EMIT_LOC_STRINGS = NO;
				SWIFT_VERSION = 5.0;
				TARGETED_DEVICE_FAMILY = "1,2";
				TEST_HOST = "$(BUILT_PRODUCTS_DIR)/CodeCoverageDemo.app/$(BUNDLE_EXECUTABLE_FOLDER_PATH)/CodeCoverageDemo";
			};
			name = Release;
		};
/* End XCBuildConfiguration section */

/* Begin XCConfigurationList section */
		9120E60E2A1CB05A009CD544 /* Build configuration list for PBXProject "CodeCoverageDemo" */ = {
			isa = XCConfigurationList;
			buildConfigurations = (
				9120E63B2A1CB05F009CD544 /* Debug */,
				9120E63C2A1CB05F009CD544 /* Release */,
			);
			defaultConfigurationIsVisible = 0;
			defaultConfigurationName = Release;
		};
		9120E63D2A1CB05F009CD544 /* Build configuration list for PBXNativeTarget "CodeCoverageDemo" */ = {
			isa = XCConfigurationList;
			buildConfigurations = (
				9120E63E2A1CB05F009CD544 /* Debug */,
				9120E63F2A1CB05F009CD544 /* Release */,
			);
			defaultConfigurationIsVisible = 0;
			defaultConfigurationName = Release;
		};
		9120E6402A1CB05F009CD544 /* Build configuration list for PBXNativeTarget "CodeCoverageDemoTests" */ = {
			isa = XCConfigurationList;
			buildConfigurations = (
				9120E6412A1CB05F009CD544 /* Debug */,
				9120E6422A1CB05F009CD544 /* Release */,
			);
			defaultConfigurationIsVisible = 0;
			defaultConfigurationName = Release;
		};
/* End XCConfigurationList section */
	};
	rootObject = 9120E60B2A1CB05A009CD544 /* Project object */;
}
